
Microsoft Visual Studio Solution File, Format Version 12.00
# Visual Studio Version 17
VisualStudioVersion = 17.2.32505.173
MinimumVisualStudioVersion = 10.0.40219.1
Project("{FAE04EC0-301F-11D3-BF4B-00C04F79EFBC}") = "ConexaoBancoDados", "ConexaoBancoDados\ConexaoBancoDados.csproj", "{535E3D00-20D0-4F6C-93D8-F7FFF7B098E8}"
EndProject
Global
	GlobalSection(SolutionConfigurationPlatforms) = preSolution
		Debug|Any CPU = Debug|Any CPU
		Release|Any CPU = Release|Any CPU
	EndGlobalSection
	GlobalSection(ProjectConfigurationPlatforms) = postSolution
		{535E3D00-20D0-4F6C-93D8-F7FFF7B098E8}.Debug|Any CPU.ActiveCfg = Debug|Any CPU
		{535E3D00-20D0-4F6C-93D8-F7FFF7B098E8}.Debug|Any CPU.Build.0 = Debug|Any CPU
		{535E3D00-20D0-4F6C-93D8-F7FFF7B098E8}.Release|Any CPU.ActiveCfg = Release|Any CPU
		{535E3D00-20D0-4F6C-93D8-F7FFF7B098E8}.Release|Any CPU.Build.0 = Release|Any CPU
	EndGlobalSection
	GlobalSection(SolutionProperties) = preSolution
		HideSolutionNode = FALSE
	EndGlobalSection
	GlobalSection(ExtensibilityGlobals) = postSolution
		SolutionGuid = {390DC88A-F4FA-4812-8559-861081B6D1FE}
	EndGlobalSection
EndGlobal
